
Microsoft Visual Studio Solution File, Format Version 12.00
# Visual Studio 2013
VisualStudioVersion = 12.0.21005.1
MinimumVisualStudioVersion = 10.0.40219.1
Project("{8BC9CEB8-8B4A-11D0-8D11-00A0C91BC942}") = "qsort", "qsort\qsort.vcxproj", "{9EF113B4-7059-4733-AF26-03325591128B}"
EndProject
Project("{8BC9CEB8-8B4A-11D0-8D11-00A0C91BC942}") = "heap", "heap\heap.vcxproj", "{8BC2BCD1-5A91-451D-8995-B4248DC1B1BC}"
EndProject
Project("{8BC9CEB8-8B4A-11D0-8D11-00A0C91BC942}") = "kmp", "kmp\kmp.vcxproj", "{FC122130-3ECA-4D18-91EB-DA42575C7A4C}"
EndProject
Project("{8BC9CEB8-8B4A-11D0-8D11-00A0C91BC942}") = "LCS", "LCS\LCS.vcxproj", "{8C3E0356-61E6-4610-8FA3-0BFEF585A17B}"
EndProject
Project("{8BC9CEB8-8B4A-11D0-8D11-00A0C91BC942}") = "Greedy-activity-selector", "Greedy-activity-selector\Greedy-activity-selector.vcxproj", "{BA163293-A239-49FB-A1DC-12FD02A04E49}"
EndProject
Project("{8BC9CEB8-8B4A-11D0-8D11-00A0C91BC942}") = "Tencent-MoveCapital", "Tencent-MoveCapital\Tencent-MoveCapital.vcxproj", "{2BC84FDB-CD60-46A9-A8A0-D2AE541D1055}"
EndProject
Project("{8BC9CEB8-8B4A-11D0-8D11-00A0C91BC942}") = "Tencent-funny-number", "Tencent-funny-number\Tencent-funny-number.vcxproj", "{DCA7E218-5A0A-4D66-9B0F-79E518EF1874}"
EndProject
Project("{8BC9CEB8-8B4A-11D0-8D11-00A0C91BC942}") = "Hungry-Yi", "Hungry-Yi\Hungry-Yi.vcxproj", "{3C6BDB08-2D48-4C60-98ED-59CE3745B4D0}"
EndProject
Project("{8BC9CEB8-8B4A-11D0-8D11-00A0C91BC942}") = "wangyi-fib", "wangyi-fib\wangyi-fib.vcxproj", "{0A06FDB3-B32A-487E-BBC1-47CF3A26FE5D}"
EndProject
Project("{8BC9CEB8-8B4A-11D0-8D11-00A0C91BC942}") = "schedule", "schedule\schedule.vcxproj", "{C0B52D20-0FA9-41EA-A429-53BD9371CE9F}"
EndProject
Project("{8BC9CEB8-8B4A-11D0-8D11-00A0C91BC942}") = "MaxiumMap", "MaxiumMap\MaxiumMap.vcxproj", "{35444017-AEB7-40BF-B10C-42F46FD65855}"
EndProject
Project("{8BC9CEB8-8B4A-11D0-8D11-00A0C91BC942}") = "OrAndAdd", "OrAndAdd\OrAndAdd.vcxproj", "{43688749-2966-455F-B7BF-A77528697F59}"
EndProject
Project("{8BC9CEB8-8B4A-11D0-8D11-00A0C91BC942}") = "LongestIncreasingSubsequence", "LongestIncreasingSubsequence\LongestIncreasingSubsequence.vcxproj", "{9AD68E43-AC49-4084-AE25-7D2DB60F0085}"
EndProject
Project("{8BC9CEB8-8B4A-11D0-8D11-00A0C91BC942}") = "poj1276", "poj1276\poj1276.vcxproj", "{2764854B-052D-47BE-9EA5-6A487121DFDD}"
EndProject
Project("{8BC9CEB8-8B4A-11D0-8D11-00A0C91BC942}") = "circlepoints", "circlepoints\circlepoints.vcxproj", "{2FDC0101-48BF-4541-9E4D-3760DBB35C05}"
EndProject
Project("{8BC9CEB8-8B4A-11D0-8D11-00A0C91BC942}") = "Berserker", "Berserker\Berserker.vcxproj", "{77AA7F47-8AC4-4B60-B3F6-28DE2F415BE3}"
EndProject
Project("{8BC9CEB8-8B4A-11D0-8D11-00A0C91BC942}") = "MonsterTrade", "MonsterTrade\MonsterTrade.vcxproj", "{CF0B5CC2-1BFC-49E5-99B4-7B622EA3BA78}"
EndProject
Project("{8BC9CEB8-8B4A-11D0-8D11-00A0C91BC942}") = "Course Schedule II", "Course Schedule II\Course Schedule II.vcxproj", "{DB7FD84A-DB62-4663-83B2-DEB3746936F7}"
EndProject
Global
	GlobalSection(SolutionConfigurationPlatforms) = preSolution
		Debug|Win32 = Debug|Win32
		Release|Win32 = Release|Win32
	EndGlobalSection
	GlobalSection(ProjectConfigurationPlatforms) = postSolution
		{9EF113B4-7059-4733-AF26-03325591128B}.Debug|Win32.ActiveCfg = Debug|Win32
		{9EF113B4-7059-4733-AF26-03325591128B}.Debug|Win32.Build.0 = Debug|Win32
		{9EF113B4-7059-4733-AF26-03325591128B}.Release|Win32.ActiveCfg = Release|Win32
		{9EF113B4-7059-4733-AF26-03325591128B}.Release|Win32.Build.0 = Release|Win32
		{8BC2BCD1-5A91-451D-8995-B4248DC1B1BC}.Debug|Win32.ActiveCfg = Debug|Win32
		{8BC2BCD1-5A91-451D-8995-B4248DC1B1BC}.Debug|Win32.Build.0 = Debug|Win32
		{8BC2BCD1-5A91-451D-8995-B4248DC1B1BC}.Release|Win32.ActiveCfg = Release|Win32
		{8BC2BCD1-5A91-451D-8995-B4248DC1B1BC}.Release|Win32.Build.0 = Release|Win32
		{FC122130-3ECA-4D18-91EB-DA42575C7A4C}.Debug|Win32.ActiveCfg = Debug|Win32
		{FC122130-3ECA-4D18-91EB-DA42575C7A4C}.Debug|Win32.Build.0 = Debug|Win32
		{FC122130-3ECA-4D18-91EB-DA42575C7A4C}.Release|Win32.ActiveCfg = Release|Win32
		{FC122130-3ECA-4D18-91EB-DA42575C7A4C}.Release|Win32.Build.0 = Release|Win32
		{8C3E0356-61E6-4610-8FA3-0BFEF585A17B}.Debug|Win32.ActiveCfg = Debug|Win32
		{8C3E0356-61E6-4610-8FA3-0BFEF585A17B}.Debug|Win32.Build.0 = Debug|Win32
		{8C3E0356-61E6-4610-8FA3-0BFEF585A17B}.Release|Win32.ActiveCfg = Release|Win32
		{8C3E0356-61E6-4610-8FA3-0BFEF585A17B}.Release|Win32.Build.0 = Release|Win32
		{BA163293-A239-49FB-A1DC-12FD02A04E49}.Debug|Win32.ActiveCfg = Debug|Win32
		{BA163293-A239-49FB-A1DC-12FD02A04E49}.Debug|Win32.Build.0 = Debug|Win32
		{BA163293-A239-49FB-A1DC-12FD02A04E49}.Release|Win32.ActiveCfg = Release|Win32
		{BA163293-A239-49FB-A1DC-12FD02A04E49}.Release|Win32.Build.0 = Release|Win32
		{2BC84FDB-CD60-46A9-A8A0-D2AE541D1055}.Debug|Win32.ActiveCfg = Debug|Win32
		{2BC84FDB-CD60-46A9-A8A0-D2AE541D1055}.Debug|Win32.Build.0 = Debug|Win32
		{2BC84FDB-CD60-46A9-A8A0-D2AE541D1055}.Release|Win32.ActiveCfg = Release|Win32
		{2BC84FDB-CD60-46A9-A8A0-D2AE541D1055}.Release|Win32.Build.0 = Release|Win32
		{DCA7E218-5A0A-4D66-9B0F-79E518EF1874}.Debug|Win32.ActiveCfg = Debug|Win32
		{DCA7E218-5A0A-4D66-9B0F-79E518EF1874}.Debug|Win32.Build.0 = Debug|Win32
		{DCA7E218-5A0A-4D66-9B0F-79E518EF1874}.Release|Win32.ActiveCfg = Release|Win32
		{DCA7E218-5A0A-4D66-9B0F-79E518EF1874}.Release|Win32.Build.0 = Release|Win32
		{3C6BDB08-2D48-4C60-98ED-59CE3745B4D0}.Debug|Win32.ActiveCfg = Debug|Win32
		{3C6BDB08-2D48-4C60-98ED-59CE3745B4D0}.Debug|Win32.Build.0 = Debug|Win32
		{3C6BDB08-2D48-4C60-98ED-59CE3745B4D0}.Release|Win32.ActiveCfg = Release|Win32
		{3C6BDB08-2D48-4C60-98ED-59CE3745B4D0}.Release|Win32.Build.0 = Release|Win32
		{0A06FDB3-B32A-487E-BBC1-47CF3A26FE5D}.Debug|Win32.ActiveCfg = Debug|Win32
		{0A06FDB3-B32A-487E-BBC1-47CF3A26FE5D}.Debug|Win32.Build.0 = Debug|Win32
		{0A06FDB3-B32A-487E-BBC1-47CF3A26FE5D}.Release|Win32.ActiveCfg = Release|Win32
		{0A06FDB3-B32A-487E-BBC1-47CF3A26FE5D}.Release|Win32.Build.0 = Release|Win32
		{C0B52D20-0FA9-41EA-A429-53BD9371CE9F}.Debug|Win32.ActiveCfg = Debug|Win32
		{C0B52D20-0FA9-41EA-A429-53BD9371CE9F}.Debug|Win32.Build.0 = Debug|Win32
		{C0B52D20-0FA9-41EA-A429-53BD9371CE9F}.Release|Win32.ActiveCfg = Release|Win32
		{C0B52D20-0FA9-41EA-A429-53BD9371CE9F}.Release|Win32.Build.0 = Release|Win32
		{35444017-AEB7-40BF-B10C-42F46FD65855}.Debug|Win32.ActiveCfg = Debug|Win32
		{35444017-AEB7-40BF-B10C-42F46FD65855}.Debug|Win32.Build.0 = Debug|Win32
		{35444017-AEB7-40BF-B10C-42F46FD65855}.Release|Win32.ActiveCfg = Release|Win32
		{35444017-AEB7-40BF-B10C-42F46FD65855}.Release|Win32.Build.0 = Release|Win32
		{43688749-2966-455F-B7BF-A77528697F59}.Debug|Win32.ActiveCfg = Debug|Win32
		{43688749-2966-455F-B7BF-A77528697F59}.Debug|Win32.Build.0 = Debug|Win32
		{43688749-2966-455F-B7BF-A77528697F59}.Release|Win32.ActiveCfg = Release|Win32
		{43688749-2966-455F-B7BF-A77528697F59}.Release|Win32.Build.0 = Release|Win32
		{9AD68E43-AC49-4084-AE25-7D2DB60F0085}.Debug|Win32.ActiveCfg = Debug|Win32
		{9AD68E43-AC49-4084-AE25-7D2DB60F0085}.Debug|Win32.Build.0 = Debug|Win32
		{9AD68E43-AC49-4084-AE25-7D2DB60F0085}.Release|Win32.ActiveCfg = Release|Win32
		{9AD68E43-AC49-4084-AE25-7D2DB60F0085}.Release|Win32.Build.0 = Release|Win32
		{2764854B-052D-47BE-9EA5-6A487121DFDD}.Debug|Win32.ActiveCfg = Debug|Win32
		{2764854B-052D-47BE-9EA5-6A487121DFDD}.Debug|Win32.Build.0 = Debug|Win32
		{2764854B-052D-47BE-9EA5-6A487121DFDD}.Release|Win32.ActiveCfg = Release|Win32
		{2764854B-052D-47BE-9EA5-6A487121DFDD}.Release|Win32.Build.0 = Release|Win32
		{2FDC0101-48BF-4541-9E4D-3760DBB35C05}.Debug|Win32.ActiveCfg = Debug|Win32
		{2FDC0101-48BF-4541-9E4D-3760DBB35C05}.Debug|Win32.Build.0 = Debug|Win32
		{2FDC0101-48BF-4541-9E4D-3760DBB35C05}.Release|Win32.ActiveCfg = Release|Win32
		{2FDC0101-48BF-4541-9E4D-3760DBB35C05}.Release|Win32.Build.0 = Release|Win32
		{77AA7F47-8AC4-4B60-B3F6-28DE2F415BE3}.Debug|Win32.ActiveCfg = Debug|Win32
		{77AA7F47-8AC4-4B60-B3F6-28DE2F415BE3}.Debug|Win32.Build.0 = Debug|Win32
		{77AA7F47-8AC4-4B60-B3F6-28DE2F415BE3}.Release|Win32.ActiveCfg = Release|Win32
		{77AA7F47-8AC4-4B60-B3F6-28DE2F415BE3}.Release|Win32.Build.0 = Release|Win32
		{CF0B5CC2-1BFC-49E5-99B4-7B622EA3BA78}.Debug|Win32.ActiveCfg = Debug|Win32
		{CF0B5CC2-1BFC-49E5-99B4-7B622EA3BA78}.Debug|Win32.Build.0 = Debug|Win32
		{CF0B5CC2-1BFC-49E5-99B4-7B622EA3BA78}.Release|Win32.ActiveCfg = Release|Win32
		{CF0B5CC2-1BFC-49E5-99B4-7B622EA3BA78}.Release|Win32.Build.0 = Release|Win32
		{DB7FD84A-DB62-4663-83B2-DEB3746936F7}.Debug|Win32.ActiveCfg = Debug|Win32
		{DB7FD84A-DB62-4663-83B2-DEB3746936F7}.Debug|Win32.Build.0 = Debug|Win32
		{DB7FD84A-DB62-4663-83B2-DEB3746936F7}.Release|Win32.ActiveCfg = Release|Win32
		{DB7FD84A-DB62-4663-83B2-DEB3746936F7}.Release|Win32.Build.0 = Release|Win32
	EndGlobalSection
	GlobalSection(SolutionProperties) = preSolution
		HideSolutionNode = FALSE
	EndGlobalSection
	GlobalSection(Performance) = preSolution
		HasPerformanceSessions = true
	EndGlobalSection
EndGlobal
